
Microsoft Visual Studio Solution File, Format Version 12.00
# Visual Studio Version 17
VisualStudioVersion = 17.3.32901.215
MinimumVisualStudioVersion = 10.0.40219.1
Project("{FAE04EC0-301F-11D3-BF4B-00C04F79EFBC}") = "N1", "N1\N1.csproj", "{76E73D43-D315-4923-9C1E-23616C9E7106}"
EndProject
Project("{FAE04EC0-301F-11D3-BF4B-00C04F79EFBC}") = "N2", "N2\N2.csproj", "{F82B5E6D-6645-4456-8378-122B78ED7E21}"
EndProject
Project("{FAE04EC0-301F-11D3-BF4B-00C04F79EFBC}") = "N3", "N3\N3.csproj", "{A487A72C-EBF4-4F03-A254-E09CA3487531}"
EndProject
Project("{FAE04EC0-301F-11D3-BF4B-00C04F79EFBC}") = "N4", "N4\N4.csproj", "{A5FCCF4C-CE46-46FD-9996-5FA62341B7C7}"
EndProject
Project("{FAE04EC0-301F-11D3-BF4B-00C04F79EFBC}") = "N5", "N5\N5.csproj", "{B237AC96-411D-499B-9FAA-90FD9DD3CD81}"
EndProject
Project("{FAE04EC0-301F-11D3-BF4B-00C04F79EFBC}") = "N6", "N6\N6.csproj", "{C9245354-DCA0-4B38-83A3-95457BBDAF08}"
EndProject
Project("{FAE04EC0-301F-11D3-BF4B-00C04F79EFBC}") = "N7", "N7\N7.csproj", "{D6D6788D-2FD2-4969-82D9-EB4A294C9026}"
EndProject
Project("{FAE04EC0-301F-11D3-BF4B-00C04F79EFBC}") = "N8", "N8\N8.csproj", "{AA7821E2-754B-4194-963E-9DCBFBC372AE}"
EndProject
Project("{FAE04EC0-301F-11D3-BF4B-00C04F79EFBC}") = "N9", "N9\N9.csproj", "{31D63523-DD04-4817-B7F9-BC0D647E9BF3}"
EndProject
Project("{FAE04EC0-301F-11D3-BF4B-00C04F79EFBC}") = "N10", "N10\N10.csproj", "{04C88D88-2678-40BF-AE98-A94F78AEE1E4}"
EndProject
Project("{FAE04EC0-301F-11D3-BF4B-00C04F79EFBC}") = "N11", "N11\N11.csproj", "{78A6273F-D4FD-4DBF-88FC-58037E4BBD3A}"
EndProject
Project("{FAE04EC0-301F-11D3-BF4B-00C04F79EFBC}") = "N12", "N12\N12.csproj", "{8A57FD86-DB0E-45E5-A7EB-7C5D1D24A5D3}"
EndProject
Project("{FAE04EC0-301F-11D3-BF4B-00C04F79EFBC}") = "N13", "N13\N13.csproj", "{49789391-E124-4363-9594-E8C7CAA936FD}"
EndProject
Project("{FAE04EC0-301F-11D3-BF4B-00C04F79EFBC}") = "N14", "N14\N14.csproj", "{09E614FD-DEF9-4F14-B4BB-410003E6647C}"
EndProject
Project("{FAE04EC0-301F-11D3-BF4B-00C04F79EFBC}") = "N15", "N15\N15.csproj", "{49028E03-0BA3-45EF-8C21-A246920322A6}"
EndProject
Project("{FAE04EC0-301F-11D3-BF4B-00C04F79EFBC}") = "N16", "N16\N16.csproj", "{B9441360-95B1-40DB-87DD-47C799F3EAC2}"
EndProject
Project("{FAE04EC0-301F-11D3-BF4B-00C04F79EFBC}") = "N17", "N17\N17.csproj", "{94B8EDD5-8FD4-4822-90CA-2B8DBFF8052B}"
EndProject
Project("{FAE04EC0-301F-11D3-BF4B-00C04F79EFBC}") = "N18", "N18\N18.csproj", "{DB64B5D6-4711-4D92-8ACA-8248F1C27BF5}"
EndProject
Project("{FAE04EC0-301F-11D3-BF4B-00C04F79EFBC}") = "N19", "N19\N19.csproj", "{2572163D-096A-4F08-94BB-6456D71BAEB5}"
EndProject
Project("{FAE04EC0-301F-11D3-BF4B-00C04F79EFBC}") = "N20", "N20\N20.csproj", "{F8AD1790-95F5-4C30-B8EC-E534434A03FA}"
EndProject
Project("{FAE04EC0-301F-11D3-BF4B-00C04F79EFBC}") = "N21", "N21\N21.csproj", "{D0664352-5716-416E-96F0-580FFDF48371}"
EndProject
Global
	GlobalSection(SolutionConfigurationPlatforms) = preSolution
		Debug|Any CPU = Debug|Any CPU
		Release|Any CPU = Release|Any CPU
	EndGlobalSection
	GlobalSection(ProjectConfigurationPlatforms) = postSolution
		{76E73D43-D315-4923-9C1E-23616C9E7106}.Debug|Any CPU.ActiveCfg = Debug|Any CPU
		{76E73D43-D315-4923-9C1E-23616C9E7106}.Debug|Any CPU.Build.0 = Debug|Any CPU
		{76E73D43-D315-4923-9C1E-23616C9E7106}.Release|Any CPU.ActiveCfg = Release|Any CPU
		{76E73D43-D315-4923-9C1E-23616C9E7106}.Release|Any CPU.Build.0 = Release|Any CPU
		{F82B5E6D-6645-4456-8378-122B78ED7E21}.Debug|Any CPU.ActiveCfg = Debug|Any CPU
		{F82B5E6D-6645-4456-8378-122B78ED7E21}.Debug|Any CPU.Build.0 = Debug|Any CPU
		{F82B5E6D-6645-4456-8378-122B78ED7E21}.Release|Any CPU.ActiveCfg = Release|Any CPU
		{F82B5E6D-6645-4456-8378-122B78ED7E21}.Release|Any CPU.Build.0 = Release|Any CPU
		{A487A72C-EBF4-4F03-A254-E09CA3487531}.Debug|Any CPU.ActiveCfg = Debug|Any CPU
		{A487A72C-EBF4-4F03-A254-E09CA3487531}.Debug|Any CPU.Build.0 = Debug|Any CPU
		{A487A72C-EBF4-4F03-A254-E09CA3487531}.Release|Any CPU.ActiveCfg = Release|Any CPU
		{A487A72C-EBF4-4F03-A254-E09CA3487531}.Release|Any CPU.Build.0 = Release|Any CPU
		{A5FCCF4C-CE46-46FD-9996-5FA62341B7C7}.Debug|Any CPU.ActiveCfg = Debug|Any CPU
		{A5FCCF4C-CE46-46FD-9996-5FA62341B7C7}.Debug|Any CPU.Build.0 = Debug|Any CPU
		{A5FCCF4C-CE46-46FD-9996-5FA62341B7C7}.Release|Any CPU.ActiveCfg = Release|Any CPU
		{A5FCCF4C-CE46-46FD-9996-5FA62341B7C7}.Release|Any CPU.Build.0 = Release|Any CPU
		{B237AC96-411D-499B-9FAA-90FD9DD3CD81}.Debug|Any CPU.ActiveCfg = Debug|Any CPU
		{B237AC96-411D-499B-9FAA-90FD9DD3CD81}.Debug|Any CPU.Build.0 = Debug|Any CPU
		{B237AC96-411D-499B-9FAA-90FD9DD3CD81}.Release|Any CPU.ActiveCfg = Release|Any CPU
		{B237AC96-411D-499B-9FAA-90FD9DD3CD81}.Release|Any CPU.Build.0 = Release|Any CPU
		{C9245354-DCA0-4B38-83A3-95457BBDAF08}.Debug|Any CPU.ActiveCfg = Debug|Any CPU
		{C9245354-DCA0-4B38-83A3-95457BBDAF08}.Debug|Any CPU.Build.0 = Debug|Any CPU
		{C9245354-DCA0-4B38-83A3-95457BBDAF08}.Release|Any CPU.ActiveCfg = Release|Any CPU
		{C9245354-DCA0-4B38-83A3-95457BBDAF08}.Release|Any CPU.Build.0 = Release|Any CPU
		{D6D6788D-2FD2-4969-82D9-EB4A294C9026}.Debug|Any CPU.ActiveCfg = Debug|Any CPU
		{D6D6788D-2FD2-4969-82D9-EB4A294C9026}.Debug|Any CPU.Build.0 = Debug|Any CPU
		{D6D6788D-2FD2-4969-82D9-EB4A294C9026}.Release|Any CPU.ActiveCfg = Release|Any CPU
		{D6D6788D-2FD2-4969-82D9-EB4A294C9026}.Release|Any CPU.Build.0 = Release|Any CPU
		{AA7821E2-754B-4194-963E-9DCBFBC372AE}.Debug|Any CPU.ActiveCfg = Debug|Any CPU
		{AA7821E2-754B-4194-963E-9DCBFBC372AE}.Debug|Any CPU.Build.0 = Debug|Any CPU
		{AA7821E2-754B-4194-963E-9DCBFBC372AE}.Release|Any CPU.ActiveCfg = Release|Any CPU
		{AA7821E2-754B-4194-963E-9DCBFBC372AE}.Release|Any CPU.Build.0 = Release|Any CPU
		{31D63523-DD04-4817-B7F9-BC0D647E9BF3}.Debug|Any CPU.ActiveCfg = Debug|Any CPU
		{31D63523-DD04-4817-B7F9-BC0D647E9BF3}.Debug|Any CPU.Build.0 = Debug|Any CPU
		{31D63523-DD04-4817-B7F9-BC0D647E9BF3}.Release|Any CPU.ActiveCfg = Release|Any CPU
		{31D63523-DD04-4817-B7F9-BC0D647E9BF3}.Release|Any CPU.Build.0 = Release|Any CPU
		{04C88D88-2678-40BF-AE98-A94F78AEE1E4}.Debug|Any CPU.ActiveCfg = Debug|Any CPU
		{04C88D88-2678-40BF-AE98-A94F78AEE1E4}.Debug|Any CPU.Build.0 = Debug|Any CPU
		{04C88D88-2678-40BF-AE98-A94F78AEE1E4}.Release|Any CPU.ActiveCfg = Release|Any CPU
		{04C88D88-2678-40BF-AE98-A94F78AEE1E4}.Release|Any CPU.Build.0 = Release|Any CPU
		{78A6273F-D4FD-4DBF-88FC-58037E4BBD3A}.Debug|Any CPU.ActiveCfg = Debug|Any CPU
		{78A6273F-D4FD-4DBF-88FC-58037E4BBD3A}.Debug|Any CPU.Build.0 = Debug|Any CPU
		{78A6273F-D4FD-4DBF-88FC-58037E4BBD3A}.Release|Any CPU.ActiveCfg = Release|Any CPU
		{78A6273F-D4FD-4DBF-88FC-58037E4BBD3A}.Release|Any CPU.Build.0 = Release|Any CPU
		{8A57FD86-DB0E-45E5-A7EB-7C5D1D24A5D3}.Debug|Any CPU.ActiveCfg = Debug|Any CPU
		{8A57FD86-DB0E-45E5-A7EB-7C5D1D24A5D3}.Debug|Any CPU.Build.0 = Debug|Any CPU
		{8A57FD86-DB0E-45E5-A7EB-7C5D1D24A5D3}.Release|Any CPU.ActiveCfg = Release|Any CPU
		{8A57FD86-DB0E-45E5-A7EB-7C5D1D24A5D3}.Release|Any CPU.Build.0 = Release|Any CPU
		{49789391-E124-4363-9594-E8C7CAA936FD}.Debug|Any CPU.ActiveCfg = Debug|Any CPU
		{49789391-E124-4363-9594-E8C7CAA936FD}.Debug|Any CPU.Build.0 = Debug|Any CPU
		{49789391-E124-4363-9594-E8C7CAA936FD}.Release|Any CPU.ActiveCfg = Release|Any CPU
		{49789391-E124-4363-9594-E8C7CAA936FD}.Release|Any CPU.Build.0 = Release|Any CPU
		{09E614FD-DEF9-4F14-B4BB-410003E6647C}.Debug|Any CPU.ActiveCfg = Debug|Any CPU
		{09E614FD-DEF9-4F14-B4BB-410003E6647C}.Debug|Any CPU.Build.0 = Debug|Any CPU
		{09E614FD-DEF9-4F14-B4BB-410003E6647C}.Release|Any CPU.ActiveCfg = Release|Any CPU
		{09E614FD-DEF9-4F14-B4BB-410003E6647C}.Release|Any CPU.Build.0 = Release|Any CPU
		{49028E03-0BA3-45EF-8C21-A246920322A6}.Debug|Any CPU.ActiveCfg = Debug|Any CPU
		{49028E03-0BA3-45EF-8C21-A246920322A6}.Debug|Any CPU.Build.0 = Debug|Any CPU
		{49028E03-0BA3-45EF-8C21-A246920322A6}.Release|Any CPU.ActiveCfg = Release|Any CPU
		{49028E03-0BA3-45EF-8C21-A246920322A6}.Release|Any CPU.Build.0 = Release|Any CPU
		{B9441360-95B1-40DB-87DD-47C799F3EAC2}.Debug|Any CPU.ActiveCfg = Debug|Any CPU
		{B9441360-95B1-40DB-87DD-47C799F3EAC2}.Debug|Any CPU.Build.0 = Debug|Any CPU
		{B9441360-95B1-40DB-87DD-47C799F3EAC2}.Release|Any CPU.ActiveCfg = Release|Any CPU
		{B9441360-95B1-40DB-87DD-47C799F3EAC2}.Release|Any CPU.Build.0 = Release|Any CPU
		{94B8EDD5-8FD4-4822-90CA-2B8DBFF8052B}.Debug|Any CPU.ActiveCfg = Debug|Any CPU
		{94B8EDD5-8FD4-4822-90CA-2B8DBFF8052B}.Debug|Any CPU.Build.0 = Debug|Any CPU
		{94B8EDD5-8FD4-4822-90CA-2B8DBFF8052B}.Release|Any CPU.ActiveCfg = Release|Any CPU
		{94B8EDD5-8FD4-4822-90CA-2B8DBFF8052B}.Release|Any CPU.Build.0 = Release|Any CPU
		{DB64B5D6-4711-4D92-8ACA-8248F1C27BF5}.Debug|Any CPU.ActiveCfg = Debug|Any CPU
		{DB64B5D6-4711-4D92-8ACA-8248F1C27BF5}.Debug|Any CPU.Build.0 = Debug|Any CPU
		{DB64B5D6-4711-4D92-8ACA-8248F1C27BF5}.Release|Any CPU.ActiveCfg = Release|Any CPU
		{DB64B5D6-4711-4D92-8ACA-8248F1C27BF5}.Release|Any CPU.Build.0 = Release|Any CPU
		{2572163D-096A-4F08-94BB-6456D71BAEB5}.Debug|Any CPU.ActiveCfg = Debug|Any CPU
		{2572163D-096A-4F08-94BB-6456D71BAEB5}.Debug|Any CPU.Build.0 = Debug|Any CPU
		{2572163D-096A-4F08-94BB-6456D71BAEB5}.Release|Any CPU.ActiveCfg = Release|Any CPU
		{2572163D-096A-4F08-94BB-6456D71BAEB5}.Release|Any CPU.Build.0 = Release|Any CPU
		{F8AD1790-95F5-4C30-B8EC-E534434A03FA}.Debug|Any CPU.ActiveCfg = Debug|Any CPU
		{F8AD1790-95F5-4C30-B8EC-E534434A03FA}.Debug|Any CPU.Build.0 = Debug|Any CPU
		{F8AD1790-95F5-4C30-B8EC-E534434A03FA}.Release|Any CPU.ActiveCfg = Release|Any CPU
		{F8AD1790-95F5-4C30-B8EC-E534434A03FA}.Release|Any CPU.Build.0 = Release|Any CPU
		{D0664352-5716-416E-96F0-580FFDF48371}.Debug|Any CPU.ActiveCfg = Debug|Any CPU
		{D0664352-5716-416E-96F0-580FFDF48371}.Debug|Any CPU.Build.0 = Debug|Any CPU
		{D0664352-5716-416E-96F0-580FFDF48371}.Release|Any CPU.ActiveCfg = Release|Any CPU
		{D0664352-5716-416E-96F0-580FFDF48371}.Release|Any CPU.Build.0 = Release|Any CPU
	EndGlobalSection
	GlobalSection(SolutionProperties) = preSolution
		HideSolutionNode = FALSE
	EndGlobalSection
	GlobalSection(ExtensibilityGlobals) = postSolution
		SolutionGuid = {937723A2-6CF6-4975-98A0-A0F7DEBFA0B5}
	EndGlobalSection
EndGlobal
